
Microsoft Visual Studio Solution File, Format Version 12.00
# Visual Studio Version 17
VisualStudioVersion = 17.6.33829.357
MinimumVisualStudioVersion = 10.0.40219.1
Project("{FAE04EC0-301F-11D3-BF4B-00C04F79EFBC}") = "Q1-two_sum", "Q1-two_sum\Q1-two_sum.csproj", "{057F6276-5CEB-4E05-B325-160AA3D33109}"
EndProject
Project("{FAE04EC0-301F-11D3-BF4B-00C04F79EFBC}") = "Q27-remove-number", "Q27-remove-number\Q27-remove-number.csproj", "{0D3922A1-0354-4F12-B556-AC60DF5D3DC0}"
EndProject
Project("{FAE04EC0-301F-11D3-BF4B-00C04F79EFBC}") = "Q20-Valid-Parentheses", "Q20-Valid-Parentheses\Q20-Valid-Parentheses.csproj", "{0341B4E1-D75A-4F43-9248-B737CC9C3AA4}"
EndProject
Project("{FAE04EC0-301F-11D3-BF4B-00C04F79EFBC}") = "Q21-merge-two-sorted-lists", "Q21-merge-two-sorted-lists\Q21-merge-two-sorted-lists.csproj", "{AD30996C-BB53-4205-B3F5-B5B4E635368D}"
EndProject
Project("{FAE04EC0-301F-11D3-BF4B-00C04F79EFBC}") = "Q28-Find-the-Index-of-the-First-Occurrence-in-a-String", "Q28-Find-the-Index-of-the-First-Occurrence-in-a-String\Q28-Find-the-Index-of-the-First-Occurrence-in-a-String.csproj", "{880A71F9-3D66-4208-8519-8A3396460012}"
EndProject
Project("{FAE04EC0-301F-11D3-BF4B-00C04F79EFBC}") = "Q35-Search-Insert-Position", "Q35-Search-Insert-Position\Q35-Search-Insert-Position.csproj", "{F2F3C3EF-CB48-4F09-89D2-4884580E954F}"
EndProject
Project("{FAE04EC0-301F-11D3-BF4B-00C04F79EFBC}") = "Q66-Plus-one", "Q66-Plus-one\Q66-Plus-one.csproj", "{564D5172-C967-4EB7-875F-B4B4AB504E1D}"
EndProject
Project("{FAE04EC0-301F-11D3-BF4B-00C04F79EFBC}") = "Q83-Remove-Duplicates-from-Sorted-List", "Q83-Remove-Duplicates-from-Sorted-List\Q83-Remove-Duplicates-from-Sorted-List.csproj", "{D1682C69-01C3-40E6-A37B-6A03E390B68B}"
EndProject
Project("{FAE04EC0-301F-11D3-BF4B-00C04F79EFBC}") = "Q88-Merge-Sorted-Array", "Q88-Merge-Sorted-Array\Q88-Merge-Sorted-Array.csproj", "{599E04C4-417D-4B91-ADA3-1E2AB7F36134}"
EndProject
Project("{FAE04EC0-301F-11D3-BF4B-00C04F79EFBC}") = "Q100-Same-Tree", "Q100-Same-Tree\Q100-Same-Tree.csproj", "{0AB476F6-5556-4012-B61D-CD2001AB3B53}"
EndProject
Project("{FAE04EC0-301F-11D3-BF4B-00C04F79EFBC}") = "Q136-Single-number", "Q136-Single-number\Q136-Single-number.csproj", "{2130C147-27CA-4A38-AB9E-98270E3EDC08}"
EndProject
Project("{FAE04EC0-301F-11D3-BF4B-00C04F79EFBC}") = "Q94-Inorder-traversel-tree", "Q94-Inorder-traversel-tree\Q94-Inorder-traversel-tree.csproj", "{40547D00-9209-443F-B359-A145E57312F4}"
EndProject
Project("{FAE04EC0-301F-11D3-BF4B-00C04F79EFBC}") = "Q144-Preorder-traversel-tree", "Q144-Preorder-traversel-tree\Q144-Preorder-traversel-tree.csproj", "{4A853438-1851-4C19-882B-AE25175E8597}"
EndProject
Project("{FAE04EC0-301F-11D3-BF4B-00C04F79EFBC}") = "Q145-Postorder-traversel-tree", "Q145-Postorder-traversel-tree\Q145-Postorder-traversel-tree.csproj", "{33C72390-4097-42BF-85E2-9166A956384C}"
EndProject
Project("{FAE04EC0-301F-11D3-BF4B-00C04F79EFBC}") = "Q191-Number-of-1-Bits", "Q191-Number-of-1-Bits\Q191-Number-of-1-Bits.csproj", "{465D2F0A-9B46-4004-8F0D-E50AB90BB457}"
EndProject
Project("{FAE04EC0-301F-11D3-BF4B-00C04F79EFBC}") = "Q202-Happy-number", "Q202-Happy-number\Q202-Happy-number.csproj", "{8623CBE6-3F9E-4481-9920-BD25D3F9C062}"
EndProject
Project("{FAE04EC0-301F-11D3-BF4B-00C04F79EFBC}") = "Q171-Excel-Sheet-Column-Number", "Q171-Excel-Sheet-Column-Number\Q171-Excel-Sheet-Column-Number.csproj", "{336D9E53-8C7B-4E79-916F-C3BB3290338D}"
EndProject
Project("{FAE04EC0-301F-11D3-BF4B-00C04F79EFBC}") = "Q217-Contains_Duplicate", "Q217-Contains_Duplicate\Q217-Contains_Duplicate.csproj", "{9EAB8415-C970-40BA-99B8-66073B08C615}"
EndProject
Project("{FAE04EC0-301F-11D3-BF4B-00C04F79EFBC}") = "Q58--length-of-the-last-world", "Q58--length-of-the-last-world\Q58--length-of-the-last-world.csproj", "{F4B17E28-DFC8-4D22-90F5-93FAE08549F8}"
EndProject
Project("{FAE04EC0-301F-11D3-BF4B-00C04F79EFBC}") = "Q203-Remove-Linked-List-Elements", "Q203-Remove-Linked-List-Elements\Q203-Remove-Linked-List-Elements.csproj", "{1910F8B3-09CA-40E6-A2F5-9D56DFCB425C}"
EndProject
Global
	GlobalSection(SolutionConfigurationPlatforms) = preSolution
		Debug|Any CPU = Debug|Any CPU
		Release|Any CPU = Release|Any CPU
	EndGlobalSection
	GlobalSection(ProjectConfigurationPlatforms) = postSolution
		{057F6276-5CEB-4E05-B325-160AA3D33109}.Debug|Any CPU.ActiveCfg = Debug|Any CPU
		{057F6276-5CEB-4E05-B325-160AA3D33109}.Debug|Any CPU.Build.0 = Debug|Any CPU
		{057F6276-5CEB-4E05-B325-160AA3D33109}.Release|Any CPU.ActiveCfg = Release|Any CPU
		{057F6276-5CEB-4E05-B325-160AA3D33109}.Release|Any CPU.Build.0 = Release|Any CPU
		{0D3922A1-0354-4F12-B556-AC60DF5D3DC0}.Debug|Any CPU.ActiveCfg = Debug|Any CPU
		{0D3922A1-0354-4F12-B556-AC60DF5D3DC0}.Debug|Any CPU.Build.0 = Debug|Any CPU
		{0D3922A1-0354-4F12-B556-AC60DF5D3DC0}.Release|Any CPU.ActiveCfg = Release|Any CPU
		{0D3922A1-0354-4F12-B556-AC60DF5D3DC0}.Release|Any CPU.Build.0 = Release|Any CPU
		{0341B4E1-D75A-4F43-9248-B737CC9C3AA4}.Debug|Any CPU.ActiveCfg = Debug|Any CPU
		{0341B4E1-D75A-4F43-9248-B737CC9C3AA4}.Debug|Any CPU.Build.0 = Debug|Any CPU
		{0341B4E1-D75A-4F43-9248-B737CC9C3AA4}.Release|Any CPU.ActiveCfg = Release|Any CPU
		{0341B4E1-D75A-4F43-9248-B737CC9C3AA4}.Release|Any CPU.Build.0 = Release|Any CPU
		{AD30996C-BB53-4205-B3F5-B5B4E635368D}.Debug|Any CPU.ActiveCfg = Debug|Any CPU
		{AD30996C-BB53-4205-B3F5-B5B4E635368D}.Debug|Any CPU.Build.0 = Debug|Any CPU
		{AD30996C-BB53-4205-B3F5-B5B4E635368D}.Release|Any CPU.ActiveCfg = Release|Any CPU
		{AD30996C-BB53-4205-B3F5-B5B4E635368D}.Release|Any CPU.Build.0 = Release|Any CPU
		{880A71F9-3D66-4208-8519-8A3396460012}.Debug|Any CPU.ActiveCfg = Debug|Any CPU
		{880A71F9-3D66-4208-8519-8A3396460012}.Debug|Any CPU.Build.0 = Debug|Any CPU
		{880A71F9-3D66-4208-8519-8A3396460012}.Release|Any CPU.ActiveCfg = Release|Any CPU
		{880A71F9-3D66-4208-8519-8A3396460012}.Release|Any CPU.Build.0 = Release|Any CPU
		{F2F3C3EF-CB48-4F09-89D2-4884580E954F}.Debug|Any CPU.ActiveCfg = Debug|Any CPU
		{F2F3C3EF-CB48-4F09-89D2-4884580E954F}.Debug|Any CPU.Build.0 = Debug|Any CPU
		{F2F3C3EF-CB48-4F09-89D2-4884580E954F}.Release|Any CPU.ActiveCfg = Release|Any CPU
		{F2F3C3EF-CB48-4F09-89D2-4884580E954F}.Release|Any CPU.Build.0 = Release|Any CPU
		{564D5172-C967-4EB7-875F-B4B4AB504E1D}.Debug|Any CPU.ActiveCfg = Debug|Any CPU
		{564D5172-C967-4EB7-875F-B4B4AB504E1D}.Debug|Any CPU.Build.0 = Debug|Any CPU
		{564D5172-C967-4EB7-875F-B4B4AB504E1D}.Release|Any CPU.ActiveCfg = Release|Any CPU
		{564D5172-C967-4EB7-875F-B4B4AB504E1D}.Release|Any CPU.Build.0 = Release|Any CPU
		{D1682C69-01C3-40E6-A37B-6A03E390B68B}.Debug|Any CPU.ActiveCfg = Debug|Any CPU
		{D1682C69-01C3-40E6-A37B-6A03E390B68B}.Debug|Any CPU.Build.0 = Debug|Any CPU
		{D1682C69-01C3-40E6-A37B-6A03E390B68B}.Release|Any CPU.ActiveCfg = Release|Any CPU
		{D1682C69-01C3-40E6-A37B-6A03E390B68B}.Release|Any CPU.Build.0 = Release|Any CPU
		{599E04C4-417D-4B91-ADA3-1E2AB7F36134}.Debug|Any CPU.ActiveCfg = Debug|Any CPU
		{599E04C4-417D-4B91-ADA3-1E2AB7F36134}.Debug|Any CPU.Build.0 = Debug|Any CPU
		{599E04C4-417D-4B91-ADA3-1E2AB7F36134}.Release|Any CPU.ActiveCfg = Release|Any CPU
		{599E04C4-417D-4B91-ADA3-1E2AB7F36134}.Release|Any CPU.Build.0 = Release|Any CPU
		{0AB476F6-5556-4012-B61D-CD2001AB3B53}.Debug|Any CPU.ActiveCfg = Debug|Any CPU
		{0AB476F6-5556-4012-B61D-CD2001AB3B53}.Debug|Any CPU.Build.0 = Debug|Any CPU
		{0AB476F6-5556-4012-B61D-CD2001AB3B53}.Release|Any CPU.ActiveCfg = Release|Any CPU
		{0AB476F6-5556-4012-B61D-CD2001AB3B53}.Release|Any CPU.Build.0 = Release|Any CPU
		{2130C147-27CA-4A38-AB9E-98270E3EDC08}.Debug|Any CPU.ActiveCfg = Debug|Any CPU
		{2130C147-27CA-4A38-AB9E-98270E3EDC08}.Debug|Any CPU.Build.0 = Debug|Any CPU
		{2130C147-27CA-4A38-AB9E-98270E3EDC08}.Release|Any CPU.ActiveCfg = Release|Any CPU
		{2130C147-27CA-4A38-AB9E-98270E3EDC08}.Release|Any CPU.Build.0 = Release|Any CPU
		{40547D00-9209-443F-B359-A145E57312F4}.Debug|Any CPU.ActiveCfg = Debug|Any CPU
		{40547D00-9209-443F-B359-A145E57312F4}.Debug|Any CPU.Build.0 = Debug|Any CPU
		{40547D00-9209-443F-B359-A145E57312F4}.Release|Any CPU.ActiveCfg = Release|Any CPU
		{40547D00-9209-443F-B359-A145E57312F4}.Release|Any CPU.Build.0 = Release|Any CPU
		{4A853438-1851-4C19-882B-AE25175E8597}.Debug|Any CPU.ActiveCfg = Debug|Any CPU
		{4A853438-1851-4C19-882B-AE25175E8597}.Debug|Any CPU.Build.0 = Debug|Any CPU
		{4A853438-1851-4C19-882B-AE25175E8597}.Release|Any CPU.ActiveCfg = Release|Any CPU
		{4A853438-1851-4C19-882B-AE25175E8597}.Release|Any CPU.Build.0 = Release|Any CPU
		{33C72390-4097-42BF-85E2-9166A956384C}.Debug|Any CPU.ActiveCfg = Debug|Any CPU
		{33C72390-4097-42BF-85E2-9166A956384C}.Debug|Any CPU.Build.0 = Debug|Any CPU
		{33C72390-4097-42BF-85E2-9166A956384C}.Release|Any CPU.ActiveCfg = Release|Any CPU
		{33C72390-4097-42BF-85E2-9166A956384C}.Release|Any CPU.Build.0 = Release|Any CPU
		{465D2F0A-9B46-4004-8F0D-E50AB90BB457}.Debug|Any CPU.ActiveCfg = Debug|Any CPU
		{465D2F0A-9B46-4004-8F0D-E50AB90BB457}.Debug|Any CPU.Build.0 = Debug|Any CPU
		{465D2F0A-9B46-4004-8F0D-E50AB90BB457}.Release|Any CPU.ActiveCfg = Release|Any CPU
		{465D2F0A-9B46-4004-8F0D-E50AB90BB457}.Release|Any CPU.Build.0 = Release|Any CPU
		{8623CBE6-3F9E-4481-9920-BD25D3F9C062}.Debug|Any CPU.ActiveCfg = Debug|Any CPU
		{8623CBE6-3F9E-4481-9920-BD25D3F9C062}.Debug|Any CPU.Build.0 = Debug|Any CPU
		{8623CBE6-3F9E-4481-9920-BD25D3F9C062}.Release|Any CPU.ActiveCfg = Release|Any CPU
		{8623CBE6-3F9E-4481-9920-BD25D3F9C062}.Release|Any CPU.Build.0 = Release|Any CPU
		{336D9E53-8C7B-4E79-916F-C3BB3290338D}.Debug|Any CPU.ActiveCfg = Debug|Any CPU
		{336D9E53-8C7B-4E79-916F-C3BB3290338D}.Debug|Any CPU.Build.0 = Debug|Any CPU
		{336D9E53-8C7B-4E79-916F-C3BB3290338D}.Release|Any CPU.ActiveCfg = Release|Any CPU
		{336D9E53-8C7B-4E79-916F-C3BB3290338D}.Release|Any CPU.Build.0 = Release|Any CPU
		{9EAB8415-C970-40BA-99B8-66073B08C615}.Debug|Any CPU.ActiveCfg = Debug|Any CPU
		{9EAB8415-C970-40BA-99B8-66073B08C615}.Debug|Any CPU.Build.0 = Debug|Any CPU
		{9EAB8415-C970-40BA-99B8-66073B08C615}.Release|Any CPU.ActiveCfg = Release|Any CPU
		{9EAB8415-C970-40BA-99B8-66073B08C615}.Release|Any CPU.Build.0 = Release|Any CPU
		{F4B17E28-DFC8-4D22-90F5-93FAE08549F8}.Debug|Any CPU.ActiveCfg = Debug|Any CPU
		{F4B17E28-DFC8-4D22-90F5-93FAE08549F8}.Debug|Any CPU.Build.0 = Debug|Any CPU
		{F4B17E28-DFC8-4D22-90F5-93FAE08549F8}.Release|Any CPU.ActiveCfg = Release|Any CPU
		{F4B17E28-DFC8-4D22-90F5-93FAE08549F8}.Release|Any CPU.Build.0 = Release|Any CPU
		{1910F8B3-09CA-40E6-A2F5-9D56DFCB425C}.Debug|Any CPU.ActiveCfg = Debug|Any CPU
		{1910F8B3-09CA-40E6-A2F5-9D56DFCB425C}.Debug|Any CPU.Build.0 = Debug|Any CPU
		{1910F8B3-09CA-40E6-A2F5-9D56DFCB425C}.Release|Any CPU.ActiveCfg = Release|Any CPU
		{1910F8B3-09CA-40E6-A2F5-9D56DFCB425C}.Release|Any CPU.Build.0 = Release|Any CPU
	EndGlobalSection
	GlobalSection(SolutionProperties) = preSolution
		HideSolutionNode = FALSE
	EndGlobalSection
	GlobalSection(ExtensibilityGlobals) = postSolution
		SolutionGuid = {5AF335AB-1FC9-4837-8B59-654237B9CE16}
	EndGlobalSection
EndGlobal
